# This file was autogenerated by Stack.
# You should not edit this file by hand.
# For more information, please see the documentation at:
#   https://docs.haskellstack.org/en/stable/topics/lock_files

packages:
- completed:
    hackage: OneTuple-0.4.3@sha256:0f5620933850a78b849c0988cbfc2288ab3274b89084bf6681f514143d3f822a,2420
    pantry-tree:
      sha256: 714170db47da16cf38c14a10c44d9d70f43c55f421838b2d692499f7322f0244
      size: 506
  original:
    hackage: OneTuple-0.4.3
- completed:
    hackage: QuickCheck-2.18.0.0@sha256:8da924b1009c9f1352ff367ab03345e36795958c7bb6c156aa460e3100753dfd,8678
    pantry-tree:
      sha256: 721985f15de505c333b6368ac30ecd5b9caebd5d080eefcf813a91648943c099
      size: 2882
  original:
    hackage: QuickCheck-2.18.0.0
- completed:
    hackage: StateVar-1.2.2@sha256:3c022c00485fe165e3080d5da6b3ca9c9b02f62c5deebc584d1b3d1309ce673e,1673
    pantry-tree:
      sha256: 204cac98219e99334f47b12c565945611748ea03a4d629273dd697d738bcfd7f
      size: 314
  original:
    hackage: StateVar-1.2.2
- completed:
    hackage: aeson-2.2.5.0@sha256:adeba3289a7d47a09c45c094c6b28dd0ebd35ffaf1f3cbde12541dadd49974bc,6335
    pantry-tree:
      sha256: 2c2f686114cb20a3068386db21c5ceef3e3076141bb30d19bcb35ffe47627b5c
      size: 83440
  original:
    hackage: aeson-2.2.5.0
- completed:
    hackage: aeson-pretty-0.8.10@sha256:6b0d3c1004dc696cdfea45b442dd025b5ca62ecce44bf8669775529d5b672114,2524
    pantry-tree:
      sha256: bcb2557f2325f00b158bf9bc1a9c8cc0d3b15a3f6f9711fd41b08d08e31dc694
      size: 395
  original:
    hackage: aeson-pretty-0.8.10
- completed:
    hackage: ansi-terminal-1.1.5@sha256:408d9232e5304efead718f96138d6d7eb2da608c6121c5c0dc6a71a833b14320,3327
    pantry-tree:
      sha256: 081bff43a1d384922a9d9b7b27c96c1fa0ecadbd4dfe0e801b2931e06ee4b50f
      size: 1111
  original:
    hackage: ansi-terminal-1.1.5
- completed:
    hackage: ansi-terminal-types-1.1.3@sha256:1d6061eceaf35a9ed269b81177dd4c8c60403a499526f7f68fdffa4ec7842e7f,1523
    pantry-tree:
      sha256: 99497d3d290b931b8aa15e341f74c14b9da8312f7610987973f634c68f640c69
      size: 365
  original:
    hackage: ansi-terminal-types-1.1.3
- completed:
    hackage: assoc-1.1.1@sha256:766b1040eda5255bfcf10e1a9859c06d0ed6ad0e2ac87ed915bb035574d10ae4,1437
    pantry-tree:
      sha256: 428d036445217eea9eb59e6fc8377b26841b01aaad8790eef4e761f6bd91df59
      size: 290
  original:
    hackage: assoc-1.1.1
- completed:
    hackage: async-2.2.6@sha256:45d5587d8a348a7e2b3f04de963fe633db49b49cde10ca1e6f834bef3baecee9,3870
    pantry-tree:
      sha256: 33ad31cf67d331926b854f8868366ec7ad0cc0e0fe8c8f0627d156afc1625f3d
      size: 722
  original:
    hackage: async-2.2.6
- completed:
    hackage: attoparsec-0.14.4@sha256:35129d0ab1741f000f1a7d2fc839544919ee6fbb8f2d6e7f0a629c41f91035f3,5914
    pantry-tree:
      sha256: 467033f4d538aaeb309c15632018f2621eeace79fe7286e9242c7e75b59ced82
      size: 5039
  original:
    hackage: attoparsec-0.14.4
- completed:
    hackage: attoparsec-aeson-2.2.2.0@sha256:08948f45b892c5758d2c42e22fe2fbd41a4f6dc395fb0a43c2bf458a1f295736,1664
    pantry-tree:
      sha256: da131689cab810d63fefbca44bb40aa96be6ab5981e11308eef73b57edfe26c6
      size: 404
  original:
    hackage: attoparsec-aeson-2.2.2.0
- completed:
    hackage: base-compat-0.15.0@sha256:a4d322603449e5a42225e9dfcd23647b4b9a050893989a7ffddc0b33351ed775,7568
    pantry-tree:
      sha256: 86b2eb7911290285b89ebfc2784c32319463b543f13f94934f62fc5be9788d39
      size: 9599
  original:
    hackage: base-compat-0.15.0
- completed:
    hackage: base-orphans-0.9.4@sha256:001f2b3094b7a1b00e9fd5dcc519a62b8b147a1754bf550fa42601ff868e2b65,3241
    pantry-tree:
      sha256: 95d208040e82bbbb1cfc7d8f53012809c25956bbb7307e162b74db3a4a662367
      size: 1273
  original:
    hackage: base-orphans-0.9.4
- completed:
    hackage: base16-bytestring-1.0.2.0@sha256:a694e88f9ec9fc79f0b03f233d3fea592b68f70a34aac2ddb5bcaecb6562e2fd,2630
    pantry-tree:
      sha256: cb1cf706d7e993bb333391309017b9ad529a509f275aab191bc85206da7763f5
      size: 595
  original:
    hackage: base16-bytestring-1.0.2.0
- completed:
    hackage: basement-0.0.16@sha256:e9458cbe67f396fb81900ec65852a582a2b7febd09b17a85adee576c8d7cc321,5404
    pantry-tree:
      sha256: 868afcc62edd1c3af6405ee0a5d1bcc0cdc0919114e26299c7fd63706c750973
      size: 5799
  original:
    hackage: basement-0.0.16
- completed:
    hackage: bifunctors-5.6.3@sha256:58f1d66db71ed9dd70648eaca1a0986b29354b3a69b5bfd729ce1a896766466e,3271
    pantry-tree:
      sha256: f2d043d4e507947c363e69083572c3e4b86daa93ca4271fcdaa4b453f0528d1b
      size: 1466
  original:
    hackage: bifunctors-5.6.3
- completed:
    hackage: bitvec-1.1.6.0@sha256:70ef28bc77f5a19510e4988fcfff329305f31140fe93f09b97351771e59eef03,4538
    pantry-tree:
      sha256: 6f66e903226b38064042fc3e39659f610ab09cd98a95726306ba171b0a023477
      size: 2506
  original:
    hackage: bitvec-1.1.6.0
- completed:
    hackage: call-stack-0.4.0@sha256:ac44d2c00931dc20b01750da8c92ec443eb63a7231e8550188cb2ac2385f7feb,1200
    pantry-tree:
      sha256: 04134fa69cdd824b4e4bb7f77e7173e0705f27deabdbbf99549c549400191e1e
      size: 501
  original:
    hackage: call-stack-0.4.0
- completed:
    hackage: cereal-0.5.8.3@sha256:87a227c7b510217ea059db3dd59d9665edd8f0d1d3d8de39458e371a1d9402fb,2767
    pantry-tree:
      sha256: 2d570ae699908d131b63fe176115809982f86ec4589cdbf42848aa2ca79209cb
      size: 641
  original:
    hackage: cereal-0.5.8.3
- completed:
    hackage: character-ps-0.1@sha256:b38ed1c07ae49e7461e44ca1d00c9ca24d1dcb008424ccd919916f92fd48d9fe,1315
    pantry-tree:
      sha256: 22d98d7c8b4c2bb9cb7fe429adf52bfed0c18269eac146b1e591c5941e26161a
      size: 382
  original:
    hackage: character-ps-0.1
- completed:
    hackage: clock-0.8.4@sha256:b938655b00cf204ce69abfff946021bed111d2609a9f7a9c22e28a1a202e9115,4631
    pantry-tree:
      sha256: 0ca511f7ea409e65a9de5539f265bb906a3eec6a4ac1a201731a8a328120cc88
      size: 499
  original:
    hackage: clock-0.8.4
- completed:
    hackage: cmdargs-0.10.22@sha256:0d1a33c3978fbcdda4f2543e62ac3ed8ad36152e141cdeebeece7e08d6529d63,4248
    pantry-tree:
      sha256: 2957554d00a23a204b5367d2070471e21a1e35cf0ddc7bdbfb26a047e754dbf6
      size: 3122
  original:
    hackage: cmdargs-0.10.22
- completed:
    hackage: co-log-core-0.3.2.7@sha256:0fbadb6fb321b4ea9281c74a464ae4f32206903d0249868175fe8415e642c857,4123
    pantry-tree:
      sha256: 03da77aa5f4d0d4168ace2b0b4ff0ec6538d2a6ec97d406b6b69a61f74b6f937
      size: 584
  original:
    hackage: co-log-core-0.3.2.7
- completed:
    hackage: colour-2.3.7@sha256:613dc8d5f6e51babe57398a742ab8d5c2964fa98b773f3bf6e6a72b7e87f1c6e,2543
    pantry-tree:
      sha256: b6b3366afeea52d581649cb8f6cb709a7ca94bfd62366b4d063dc73897fc6b94
      size: 1241
  original:
    hackage: colour-2.3.7
- completed:
    hackage: comonad-5.0.10@sha256:e8606e010e306f41019026e94b0676993c175260d1d8908e4518b2b06a40272b,3443
    pantry-tree:
      sha256: 98be08915d9fb077804a014d4ec7bfe058af0d0125235fb1c5ad1f49a5f7ff85
      size: 1616
  original:
    hackage: comonad-5.0.10
- completed:
    hackage: conduit-1.3.6.1@sha256:4e5be34eeff16646eb7e13471c7ae7e8db59a3f7cc3125ecb1fc0ae3632baac9,5098
    pantry-tree:
      sha256: a39502d9c2334f4cd55416752696902fc3bbc4adf38f57c58809b7eb1f422838
      size: 1957
  original:
    hackage: conduit-1.3.6.1
- completed:
    hackage: conduit-extra-1.3.8@sha256:e932b260dc50dd2a81c996f370798b19979acfd5cfa7bb6b685358e6846600bb,4473
    pantry-tree:
      sha256: 13af5b670b6b5733cbd850343eb45e33eff9c067a6972af8a622939699b27d86
      size: 2332
  original:
    hackage: conduit-extra-1.3.8
- completed:
    hackage: contravariant-1.5.6@sha256:288f1d3e6fb3adcf9f36f28ffa189673f2f1303812296dfb2523478ad31dd9e2,2182
    pantry-tree:
      sha256: 0723fa8376b781f80815d4022dc182070b088a2a33d9e7625d3f1b5a68f7a791
      size: 652
  original:
    hackage: contravariant-1.5.6
- completed:
    hackage: cryptohash-md5-0.11.101.0@sha256:2e42586d73bdb149bde829e37b6546d84e60d7fb49c93320633b71c25f4dee54,3086
    pantry-tree:
      sha256: 0d5d9a4c68dcca89e7341df52626baf599dd779df2c921ff2e9d68ffc04e13e6
      size: 571
  original:
    hackage: cryptohash-md5-0.11.101.0
- completed:
    hackage: cryptohash-sha1-0.11.101.0@sha256:2bdf29dbd896bca86bf198c882fa8df1cb31843b71f2907e059b7c10bce0adb3,3085
    pantry-tree:
      sha256: 01561c1bc3eb1380548b1c04cb2ea052db6e79ea9ac32c78f227e6599a2e466f
      size: 577
  original:
    hackage: cryptohash-sha1-0.11.101.0
- completed:
    hackage: dap-0.7.0.0@sha256:4eb00ced16dfec6ed1ef4705db8c57a32b657978bcd773c06a027fcf15e4a8f6,2324
    pantry-tree:
      sha256: 87d8854b458b6972788ebd3151e75e7a321281822e6e9cf9868af3cba00b1df7
      size: 724
  original:
    hackage: dap-0.7.0.0
- completed:
    hackage: data-fix-0.3.4@sha256:200360c49cc81cf8b8bbdf49afd4aee03fffd09d3395b080a7e7c65fcf01d313,1421
    pantry-tree:
      sha256: f7edf89375cd789203cb8633c166a45b9392dd901aeff7788a13dfbb59c2b849
      size: 262
  original:
    hackage: data-fix-0.3.4
- completed:
    hackage: distributive-0.6.3@sha256:9dec7cd4dc49325f551b2f2bf2004cfe2454b211e5882265cc87880d4382b1f8,2342
    pantry-tree:
      sha256: c765117bbab05d71c228c55013b1311a2f0481c007c6b1f0ff9f515c16dac2d7
      size: 670
  original:
    hackage: distributive-0.6.3
- completed:
    hackage: dlist-1.0@sha256:854727594c5a816ab3d10f15b1bc4fedaf9e3f7d1ef517a2bb9011f29ba261d2,3942
    pantry-tree:
      sha256: 2793d1aea6d4471ae237bdac0c980a8226ba0532480859aebb61a425bcc0d085
      size: 953
  original:
    hackage: dlist-1.0
- completed:
    hackage: entropy-0.4.1.11@sha256:1b9b1a7282ba6d7671e6d7a9be84cc18c40a3a480cef621927a8e4c66ec47913,2935
    pantry-tree:
      sha256: 0314feea2035559273d7e2bedfb199042a86f41ec9b014a852ba0bf134f1c52a
      size: 682
  original:
    hackage: entropy-0.4.1.11
- completed:
    hackage: extra-1.8.1@sha256:b9c360f2f3fbff5ca04656b7aa0a91b254ac7de7e4b959bae4688a178ffd79d1,2738
    pantry-tree:
      sha256: 2306b0cbd1f9e0538eb07d0123f34e660916182081cb4b53e85363a6f7a61998
      size: 1961
  original:
    hackage: extra-1.8.1
- completed:
    hackage: file-embed-0.0.16.0@sha256:2e8983240c1faae020b4acef6d30f0281f5ec87c2f38736dc1dc5456355e22a5,1426
    pantry-tree:
      sha256: db5accce9e81e002bf05f839b5f410728b3761dce6e9ccc6cc6648fa0b8cdaff
      size: 478
  original:
    hackage: file-embed-0.0.16.0
- completed:
    hackage: filepattern-0.1.3@sha256:372c1733d83b90045eb29da9f010fed79bfef8771ce65eb126a1d83ecc54a9a2,2454
    pantry-tree:
      sha256: c4e124d77a327c4cf383de2dff401bea57aef8a8ac1afb3b8f169a9d8e6408f2
      size: 953
  original:
    hackage: filepattern-0.1.3
- completed:
    hackage: ghc-stack-annotations-0.1.0.0@sha256:56bdded7dc6a72ea338b96fdb9da1806c583bfdf3286aa9d092bf072d36bac21,1643
    pantry-tree:
      sha256: c91228239e370696d0ff5062a73105bd7a1f9218168f2b44fe431463fd756a69
      size: 288
  original:
    hackage: ghc-stack-annotations-0.1.0.0
- completed:
    hackage: hashable-1.5.1.0@sha256:140fc5adad166f7b527567cbd26ff481e8da4a66bdfc84be3ddf28dbeb66f275,5787
    pantry-tree:
      sha256: e3bf67a89d9227d1e0c9a553ecd08f88d8ea492566ed78b30f8de05cf8699c2e
      size: 1578
  original:
    hackage: hashable-1.5.1.0
- completed:
    hackage: hie-bios-0.19.0@sha256:051e8f969db94cc8465345c60c5d6cc1bc46a976a229ac98cae9c19e91eec76c,13880
    pantry-tree:
      sha256: b70a1a9945fb46a2960a6f81c95c49b5293d76e318ce75e40b1a0ffd1bac20bf
      size: 14684
  original:
    hackage: hie-bios-0.19.0
- completed:
    hackage: implicit-hie-0.1.4.0@sha256:42a8bdc36713d98711c59b62fac238d81f6ce3ef7912752f38d456182260a5a3,3122
    pantry-tree:
      sha256: 0219d06c980212fb4fa57bc2bf01b7dee4eb22a7e1c1e0f76e4cac4ef191e30f
      size: 844
  original:
    hackage: implicit-hie-0.1.4.0
- completed:
    hackage: indexed-traversable-0.1.5@sha256:f0b1b514dfc085281d0b4b9338fc0bd0c1d25ee77306f2a144ffe012b0afef8c,2287
    pantry-tree:
      sha256: c099a3080b5a606db9b4081922e962fd70a199be30a184078ae6c468b6e90720
      size: 625
  original:
    hackage: indexed-traversable-0.1.5
- completed:
    hackage: indexed-traversable-instances-0.1.2.1@sha256:76460d05cc3933a21962c7744400d2594144c00badc23c8f8a7d5dfbd39bbe6e,2377
    pantry-tree:
      sha256: 616c74e26a5c459f14da84f95da197eb5a1409bdabe13c7fb4bcb2bf2a80dad9
      size: 366
  original:
    hackage: indexed-traversable-instances-0.1.2.1
- completed:
    hackage: integer-conversion-0.1.1@sha256:123d1b088404f0976500c68d8105978aa2e32908ce5508e32aebd237f0447c9f,2311
    pantry-tree:
      sha256: 815a2a36ac072ade5993866d4c90fe0d8cb3eb6332de6fcfbe537ddc391c467d
      size: 509
  original:
    hackage: integer-conversion-0.1.1
- completed:
    hackage: integer-logarithms-1.0.5@sha256:870ce80a2e704f179bcda12ee106389a484100fac1534abfd587aaaa51978e6b,2964
    pantry-tree:
      sha256: 5b217bbf96ef5487aad81cf1c61a1d1092f8e044403b554e201d8d8478568499
      size: 865
  original:
    hackage: integer-logarithms-1.0.5
- completed:
    hackage: libyaml-0.1.4@sha256:68a5ed828cedf39f44ad16b7a27a81ef50630e296960a549575477f8db2891eb,1743
    pantry-tree:
      sha256: 01b1ff5d5d595a3847d1998939bb42fb3caa5279280e4c889a4c5b62dff54f47
      size: 420
  original:
    hackage: libyaml-0.1.4
- completed:
    hackage: libyaml-clib-0.2.5@sha256:80a148f5ee5017a7b3901be21c0f10391cf1f4374ffbec0cc6bb34dd6c68ef73,1055
    pantry-tree:
      sha256: d5d31d9be0d8b593c5374945455b9f85fd80bd70d24a885055826476f170fc98
      size: 778
  original:
    hackage: libyaml-clib-0.2.5
- completed:
    hackage: lifted-base-0.2.3.12@sha256:e94ad0692c9c5d85c373e508f23654f2da8ac8c3e475c2b65ffbc04fb165ad69,3369
    pantry-tree:
      sha256: a1d78bdab90ed2863854f825f6ab277e5df0af856fec06ac1c39131e8019aef5
      size: 1129
  original:
    hackage: lifted-base-0.2.3.12
- completed:
    hackage: monad-control-1.0.3.1@sha256:2d657279839e1a760c86a69f00f0c36473ef6972d413ec0f83a40249c70e098e,2365
    pantry-tree:
      sha256: f6b2e10b7ad03cbc2bd1df28543c9d514d54bd39833e318b48e5f0998d876df5
      size: 292
  original:
    hackage: monad-control-1.0.3.1
- completed:
    hackage: mono-traversable-1.0.21.0@sha256:7e6269eadfa45fe8433e01f6dace1397eb3ae423931071634be806eb2ed73b17,2279
    pantry-tree:
      sha256: 9eb3d3b3350184c88ac717552d68b68a79d1a1425776a9f8e200c5df7294a986
      size: 822
  original:
    hackage: mono-traversable-1.0.21.0
- completed:
    hackage: mtl-compat-0.2.2@sha256:4257fb56e5690734973aad060010bec6c2857f5c1ac6cf87fc335ed3bc7c85f4,3333
    pantry-tree:
      sha256: 73dd4eacfba46bea22462e6fda23367e346ffc96286b1a90e9347dffc571cd48
      size: 324
  original:
    hackage: mtl-compat-0.2.2
- completed:
    hackage: network-3.2.8.0@sha256:c6f02f2626d1d83b3e3521fc2a9832c366e31dd391cb8478bd2d83528459e786,5305
    pantry-tree:
      sha256: 6be9e7593357f634d4144684432ec43ac6509b0f40c4ccbd5f18313d3e8dfa70
      size: 4039
  original:
    hackage: network-3.2.8.0
- completed:
    hackage: network-bsd-2.8.1.0@sha256:cc7867f81c6eb3f1924bbb1029757af6e3b67a3c224c1faa329be3ea70ad729c,3780
    pantry-tree:
      sha256: 57165d9e73b8ea1ffaf118fd5b54f15875e29eea6f40db29f53de9baa4d865d3
      size: 264
  original:
    hackage: network-bsd-2.8.1.0
- completed:
    hackage: network-info-0.2.1@sha256:2798c2e4cc2c32108bd4b05efa921ce6f054ebc381c5e465c9bd74c7d538af17,1567
    pantry-tree:
      sha256: 46a5c6401b97f4e143e5c63521d1c4d880ed081e2ab2293f0508c4cb6a1b07e6
      size: 847
  original:
    hackage: network-info-0.2.1
- completed:
    hackage: network-run-0.5.0@sha256:7674f855f3df6b4793618d1807d9a537018d20e38fa6fbafb310d7b18f69e02a,826
    pantry-tree:
      sha256: ba329bbca9fed817c72e2dd8d9b2303409b5ec704bcfa38d6048e58ed5faa951
      size: 452
  original:
    hackage: network-run-0.5.0
- completed:
    hackage: network-simple-0.4.5@sha256:22ff42a4e6b25a0dba498c558ff82e04e2cdcac7932082b620fea406fa32de8d,1320
    pantry-tree:
      sha256: ad6f783059f3406ce9f29cbe9eb1c2f35fc011f7607152c3c1d9ea829722e838
      size: 564
  original:
    hackage: network-simple-0.4.5
- completed:
    hackage: network-uri-2.6.4.2@sha256:6fffb57373962b5651a2db8b0af732098b3bf029a7ced76a9855615de2026588,3217
    pantry-tree:
      sha256: 659f5e9fabda559f1aff6b64d04cf8adfd69bdda535c896fe90289f307a071c9
      size: 551
  original:
    hackage: network-uri-2.6.4.2
- completed:
    hackage: old-locale-1.0.0.7@sha256:fa998be2c7e00cd26a6e9075bea790caaf3932caa3e9497ad69bc20380dd6911,1071
    pantry-tree:
      sha256: 462ef15cb35164d585aa3860f717c9685fbf05578330490860abd544381d2e24
      size: 263
  original:
    hackage: old-locale-1.0.0.7
- completed:
    hackage: optparse-applicative-0.19.0.0@sha256:0b47b3ff7eb4a855b5f7d401690365fc62a32057374927ce0d478b620996222d,5813
    pantry-tree:
      sha256: 91733e6f053044a8b0dad22808cffb83f745299293312659c95a38edc79aadeb
      size: 4091
  original:
    hackage: optparse-applicative-0.19.0.0
- completed:
    hackage: prettyprinter-1.7.2@sha256:e3a802ea939d465b2e37b9fa09d8e5bb88b5775d6d62dd2ec6ca32b63416656d,6618
    pantry-tree:
      sha256: e729e54d2a607d96225fdd78c69e6c444f003c579a969bb228738941fb376a1f
      size: 3461
  original:
    hackage: prettyprinter-1.7.2
- completed:
    hackage: prettyprinter-ansi-terminal-1.1.4@sha256:5184ba6002a650de3307547347eaba19bdc9b82eb68e943f406818caa215ce4f,3134
    pantry-tree:
      sha256: 22d1b8d510f5ccf613facf2507f5b9d8034dcc50dd07eca525416da773397dfb
      size: 1086
  original:
    hackage: prettyprinter-ansi-terminal-1.1.4
- completed:
    hackage: primitive-0.9.1.0@sha256:756b222c715bc6ef5ba81fa69cdbaa20c5c53beb6f16f174b8bacc93a6d239f0,3258
    pantry-tree:
      sha256: f3316dce468a892930234a85193674461341e77426e7c46c82448f363367a528
      size: 1793
  original:
    hackage: primitive-0.9.1.0
- completed:
    hackage: random-1.3.1@sha256:0b4f649c3e78713b2ccad1535251ee34b148237fb2229d7058c2b1d9ccc324b8,6004
    pantry-tree:
      sha256: 9e92209c00b0c00b7d1c503e15a27b67b74ac2e3b48269a9255893b06de6836c
      size: 1667
  original:
    hackage: random-1.3.1
- completed:
    hackage: regex-1.1.0.2@sha256:1a68325567f045358faab4f9f271045f4270c45fed720078ba9f90a2dce612e9,4451
    pantry-tree:
      sha256: fc1b38c2752a5370acf532dff306a5c4d0adf09224de79e2b1de61c850e747ec
      size: 3716
  original:
    hackage: regex-1.1.0.2
- completed:
    hackage: regex-base-0.94.0.3@sha256:d6c0c6d1136f5046207a331114ff4130e70640452096de7719bf03e3fceb7c7b,2391
    pantry-tree:
      sha256: abc994abb47c2e060b4f1b370ee163ecd96409a5131a1eee0178af03cc72cad5
      size: 532
  original:
    hackage: regex-base-0.94.0.3
- completed:
    hackage: regex-pcre-builtin-0.95.2.3.8.44@sha256:1e54ce85636856004ff0c5f4e72eddda1678841563f522924ba75ccd362e653f,3338
    pantry-tree:
      sha256: e8ea4bef6f3207249354b77c532d60385560d0fd94968bb92137d09449285f72
      size: 2587
  original:
    hackage: regex-pcre-builtin-0.95.2.3.8.44
- completed:
    hackage: regex-tdfa-1.3.2.5@sha256:b2724328a8b02d6520186aa24d6a0bc926e86206361a76535b22d31ef84b3451,6468
    pantry-tree:
      sha256: 9bf336389652f2b2740679279b3a3682fdb61dc337bef658db501d6783c5c382
      size: 2675
  original:
    hackage: regex-tdfa-1.3.2.5
- completed:
    hackage: resourcet-1.3.0@sha256:faa760fb28fb5c98fbe4867e375a775495cabc00926da81fa102dc991017d2c5,1739
    pantry-tree:
      sha256: 7d8da7c8bcbab08f5de8a1d7964d5224aeb160ac0843757539d81f07d4315886
      size: 648
  original:
    hackage: resourcet-1.3.0
- completed:
    hackage: retry-0.9.3.1@sha256:1a61625dc1c3dd6677ffde1c8142004026dfb08085d0d0af5848088d56ec6110,2426
    pantry-tree:
      sha256: f9c82711441174d4b9ea748a8141738cb5d9c0efb84ad1874f419155fd119800
      size: 564
  original:
    hackage: retry-0.9.3.1
- completed:
    hackage: safe-exceptions-0.1.7.4@sha256:8bb7261bd54bd58acfcb154be6a161fb6d0d31a1852aadc8e927d2ad2d7651d1,1412
    pantry-tree:
      sha256: fa4189feca3ca20f024087c209dfed9bbc8a9f799fb966bc3db9e24aef81dd09
      size: 511
  original:
    hackage: safe-exceptions-0.1.7.4
- completed:
    hackage: scientific-0.3.8.1@sha256:11b0c3bcc572f08ddcb13bfad94df85e0323f39915e74cae2d7a205c631b4d30,4390
    pantry-tree:
      sha256: 95c2af5d6729b5d4a1c2c46f9103d415324386377f337be01eb70367524eb8a7
      size: 657
  original:
    hackage: scientific-0.3.8.1
- completed:
    hackage: semialign-1.4@sha256:cf6dbcb77c5d91afa4445723b6702c222b4c2ebd7f871466e7f0bdfa8ed70071,2176
    pantry-tree:
      sha256: 8bdd4a65462b9b40d6a625e12f2855b73ed3898f9d821a128ffb1d934e1267c8
      size: 537
  original:
    hackage: semialign-1.4
- completed:
    hackage: semigroupoids-6.0.2@sha256:52c5a346fdf74380618f67ff784989ef9078498dbbdff09e4d8e2fed20202e2c,7216
    pantry-tree:
      sha256: 97988befa7a35bd1421f2c221adf7fe2d9238d005254133a5b2063592e610fc2
      size: 2403
  original:
    hackage: semigroupoids-6.0.2
- completed:
    hackage: socks-0.6.1@sha256:ac190808eea704672df18f702e8f2ad0b7a4d0af528e95ee55ea6ee0be672e2a,1258
    pantry-tree:
      sha256: 53d29c06c42e737ae99660e077c7c4b286f1272b3394ad7f74163867a5b3b8fa
      size: 692
  original:
    hackage: socks-0.6.1
- completed:
    hackage: split-0.2.5@sha256:5bc1ae848bfded3087ea3e568908f1b75f56ecde6f02df3fad1a138dd5c783d5,2625
    pantry-tree:
      sha256: 5d28c851a2c98e3d8ac0f01adc58303d775afe39dce23ec953be64ae65d11166
      size: 443
  original:
    hackage: split-0.2.5
- completed:
    hackage: splitmix-0.1.3.2@sha256:a557cff65eed1f70f3a3b468423cd58e7a9a9564c5cc00c76a13de64dec9bcbd,3608
    pantry-tree:
      sha256: 95abfd61d6773801e9f18aa91bd5655cbc72b09d93525b98bafa17058f0351d8
      size: 880
  original:
    hackage: splitmix-0.1.3.2
- completed:
    hackage: streaming-commons-0.2.3.1@sha256:ed7999fea9e912b1211ea93d7e20a7998bf4753166370c94048885650f303bf0,4841
    pantry-tree:
      sha256: f08e83fb00fd45865fa8cfdef5ecef7161d5135257ee98050bfbe4b807ad65f8
      size: 2374
  original:
    hackage: streaming-commons-0.2.3.1
- completed:
    hackage: strict-0.5.1@sha256:58c373b7c7748cbb4a5a6c8c15073f99a1c10a9a9bb6894ac33f43a5cdb901f2,3557
    pantry-tree:
      sha256: 58e97bedb76e8678bf9851677362a8fe567b3d8021e8cd1e54af2ca99c23632f
      size: 654
  original:
    hackage: strict-0.5.1
- completed:
    hackage: tagged-0.8.10@sha256:e9b97c98e9827981d62f37c5febf9e6bbb67acec92b8bd41fd9f7ace5eb31d32,2201
    pantry-tree:
      sha256: 5ba1ff7ad9a676b89a2a6ab00ac2100f30a21440ef8e04094614ab5b5f494b3f
      size: 438
  original:
    hackage: tagged-0.8.10
- completed:
    hackage: tasty-1.5.4@sha256:49f8307d78c7d6b1959d4448152858efe102ca5e9b289be082b9bf221e798084,2759
    pantry-tree:
      sha256: d9479e14b5686d64d38c6bf9fe12a13c0f368a9af4b5e35e4aafa39e160d2ab0
      size: 1944
  original:
    hackage: tasty-1.5.4
- completed:
    hackage: tasty-expected-failure-0.12.3@sha256:c73839da6991557529f847d36515b7c8bb8ef85dbce8ea897c31ebba22df5976,2448
    pantry-tree:
      sha256: 92f93e805e538ce1f83395cfc31b8edb8f5f61a251ca7c4b3f931c34095eac3d
      size: 421
  original:
    hackage: tasty-expected-failure-0.12.3
- completed:
    hackage: tasty-golden-2.3.6@sha256:bca7b66bdc0238d63e82164993f684fd7751c95b67a2533088f658840e3400fa,2962
    pantry-tree:
      sha256: a2bd75442693a8727326d3d93dcf6e22fbdb157440ef74e1bda934b328e90da3
      size: 1534
  original:
    hackage: tasty-golden-2.3.6
- completed:
    hackage: tasty-hunit-0.10.2@sha256:22bc1122e8256664d7cb1e44c6bcace95676c523179947bf2403db71af43dc6d,1473
    pantry-tree:
      sha256: ddfcda3c96bbac5c56f7619b1e84917de767cd5843ed44a855127ed91e9502c5
      size: 399
  original:
    hackage: tasty-hunit-0.10.2
- completed:
    hackage: temporary-1.3@sha256:3a66c136f700dbf42f3c5000ca93e80b26dead51e54322c83272b236c1ec8ef1,1485
    pantry-tree:
      sha256: 5bfb8569e9c83e1b17604fc4375b5efd280f28146a7c42524f13a986f5a3bbc5
      size: 318
  original:
    hackage: temporary-1.3
- completed:
    hackage: text-iso8601-0.1.1.1@sha256:962ea0c5d84580df13bfa50ea940046b9a5f0e4c53afc65267906fa2bc096b96,2390
    pantry-tree:
      sha256: 18396bc0d32ce923863928a8bb101ae0d4ae0b15ac5cf94bc6285383e598d242
      size: 427
  original:
    hackage: text-iso8601-0.1.1.1
- completed:
    hackage: text-short-0.1.6.1@sha256:330b037a4f74c069e1ecfe0908baf8fb526526ef35f47922bd67ae2b3d886864,2799
    pantry-tree:
      sha256: f1ea2b2ed84a1dddc4360d187ef8a2a0b55c2757c8e35bf7af013100bf012d84
      size: 612
  original:
    hackage: text-short-0.1.6.1
- completed:
    hackage: th-abstraction-0.7.2.0@sha256:380819d6e14645bf66af99b6ea3d3d4309c523c7d0ee376e0678042622f1c272,2181
    pantry-tree:
      sha256: b9fa4efe463e44c8675cb68e70bfd71131666870e6ceaa5367672704bc744754
      size: 671
  original:
    hackage: th-abstraction-0.7.2.0
- completed:
    hackage: th-compat-0.1.7@sha256:449be09a4e3f46ea4645700c026624c4b6f066f508187326c284dbdea8884bc9,2920
    pantry-tree:
      sha256: ab2deb131cdf0ee3671323f6bfa040078779f3284bd3169ada20dfdee15daa1e
      size: 530
  original:
    hackage: th-compat-0.1.7
- completed:
    hackage: these-1.2.1@sha256:ba1aec9a502eb2b3f90ef254f420468a3c4e5b9b7e8324e3ddc7035143c92640,2384
    pantry-tree:
      sha256: c8b5f96fd5c55e5afa236716a673b1634e4b681e724603262b6bd0312cbf971a
      size: 351
  original:
    hackage: these-1.2.1
- completed:
    hackage: time-compat-1.9.9@sha256:0c291e0c3c87ee08b2517107b62901b102a040dc86203b53bdf07a96ff5632e0,5488
    pantry-tree:
      sha256: 2376b0712c96b3edf19ba7ad3d35f0c4aa4a4589dae2db39d95e25814f7737b2
      size: 4551
  original:
    hackage: time-compat-1.9.9
- completed:
    hackage: time-locale-compat-0.1.1.5@sha256:24b10ab3de20f5fc00f0e4f7832ac66dd5597033b78cff3bd6b4505d8a652e5b,1650
    pantry-tree:
      sha256: 2c4839785b65fadedd7943254933c7a53a33c9b9d6c7d795474e0b08019e567e
      size: 232
  original:
    hackage: time-locale-compat-0.1.1.5
- completed:
    hackage: time-manager-0.3.2@sha256:74c16026c8592802d8a1cd9510c0223dad247b2a9ca791fa0153d243b56cc09e,1290
    pantry-tree:
      sha256: f282e2630df833732bde29944d4b0ac0d86399bcce80c1a3d523c2a5651b9e49
      size: 461
  original:
    hackage: time-manager-0.3.2
- completed:
    hackage: transformers-base-0.4.6.1@sha256:09c9f8d77fccc3e9037b3585f068ff6156cf9b049932dbc40828f37a849b8e1d,1732
    pantry-tree:
      sha256: 3222b8a24c77dbf3fa23c542237231df27a3d7de56d45af695268198ddf90475
      size: 275
  original:
    hackage: transformers-base-0.4.6.1
- completed:
    hackage: transformers-compat-0.8@sha256:246d2d55c4970592fb68d9d9282d1af719729af1a883c1c5b74fdd49d50866dc,3762
    pantry-tree:
      sha256: 5d5c99408af0ab2b0b7bfc0754e37bb19b73d2c3efe7ccd6ae5c1a954422615b
      size: 1225
  original:
    hackage: transformers-compat-0.8
- completed:
    hackage: typed-process-0.2.13.0@sha256:257e4f6d4579e4a3f9a72503397c252e20d722fbd6531a8ce66f947f4f7b72fc,2231
    pantry-tree:
      sha256: 7c94a9b4925e3e7dd97bc686e26ec18b2ada2e9e91e4c7c2299dc5c8198906c1
      size: 531
  original:
    hackage: typed-process-0.2.13.0
- completed:
    hackage: unbounded-delays-0.1.1.1@sha256:d7a2a49f15bdff2a8bdbd76f9d204580ea4be5a9def500c6371d51d8111cbcbe,1209
    pantry-tree:
      sha256: 594444ec1752b280cad420f2c410cf45caebe65b844202bceb5a6438068e8ba9
      size: 360
  original:
    hackage: unbounded-delays-0.1.1.1
- completed:
    hackage: unix-compat-0.7.4.1@sha256:11793eab07fc5c4e167ae3aa8a8885dc4a9e71cb3b6ac611a7ab9ee29321b6d3,2536
    pantry-tree:
      sha256: a4455c5b42cdff60258a18fdf67defbf4e82f054830d2ae6af41ad8724f36e48
      size: 1329
  original:
    hackage: unix-compat-0.7.4.1
- completed:
    hackage: unliftio-core-0.2.1.0@sha256:f6a2736f858b5390d9384dca43d3ea4d96e9ca17217791791ca4951ba6e8072a,996
    pantry-tree:
      sha256: a585417c216bb1a20be0b53a62b6fed6891ff4e30872ec2d706c144eac81e2ec
      size: 327
  original:
    hackage: unliftio-core-0.2.1.0
- completed:
    hackage: unordered-containers-0.2.21@sha256:c5de1fb3377ed3c5f4cd851a771d1acc5c37d2f6bef0a499295c0e8857da5605,3987
    pantry-tree:
      sha256: e60c9f5dcacee1c8230534bc7d29224015341c956b63464fb7884a6de8b3614d
      size: 1779
  original:
    hackage: unordered-containers-0.2.21
- completed:
    hackage: utf8-string-1.0.2@sha256:79416292186feeaf1f60e49ac5a1ffae9bf1b120e040a74bf0e81ca7f1d31d3f,1538
    pantry-tree:
      sha256: 0863c3c9b6ee24dd38873c62e38ac46dd50aff2ea6b362beadf7f9b4a273c75f
      size: 601
  original:
    hackage: utf8-string-1.0.2
- completed:
    hackage: uuid-1.3.16.1@sha256:b54250e72f324630753623edf3168e3c088decfbc5f10b3014805eb054391f3d,2516
    pantry-tree:
      sha256: 7281d66ac6df1a9fee21e32aed896121786f88e6b6bcd824c7158a34d098d92c
      size: 739
  original:
    hackage: uuid-1.3.16.1
- completed:
    hackage: uuid-types-1.0.6.1@sha256:95e5bc79e3503c9bd7e68f0c7639400744c824074a0a2e0e4c7438a21c8c4d4f,2598
    pantry-tree:
      sha256: 4d253b8973d5cdb148fa3c660f2a73915c590a9a3f1cf625dd14e2f57819b7f8
      size: 480
  original:
    hackage: uuid-types-1.0.6.1
- completed:
    hackage: vector-0.13.2.0@sha256:9ac338c8da52d8a37db08434ca4480fef2cea4f9aac240f4f994bb467f5275b4,8804
    pantry-tree:
      sha256: 9bc1265c2469283d87c2ebffeac07fc923fe4a1e99c1cf31fd1890afb002f8a9
      size: 4478
  original:
    hackage: vector-0.13.2.0
- completed:
    hackage: vector-algorithms-0.9.1.0@sha256:b3ecfefe983aeca206a4556e73d829cbe6c6c7661d671a47a8e5294c0add532d,3895
    pantry-tree:
      sha256: a60a94520ecf17c6de6dd87f7515ec8f84b427aecd1075bab8e113a0e439dd34
      size: 1510
  original:
    hackage: vector-algorithms-0.9.1.0
- completed:
    hackage: vector-stream-0.1.0.1@sha256:483be6df13c72169a917640589666f9fece7bea9fa13fcd41d052dab37ea289e,1642
    pantry-tree:
      sha256: 8f597e9033aaa83fabc206050fd54b1d702ad0760c20b7f56a781b8d7e614685
      size: 325
  original:
    hackage: vector-stream-0.1.0.1
- completed:
    hackage: witherable-0.5@sha256:a5600431df5d297f098c322c7fbc2ece804e44ade0bb2022a838de24604d6275,2355
    pantry-tree:
      sha256: d33351eafc78b821508dbf3d2b0cd0f40897494d8fa8a1ee0febc1d527aeccff
      size: 321
  original:
    hackage: witherable-0.5
- completed:
    hackage: yaml-0.11.11.2@sha256:6f0a1859e0fb3068e50dbc7fe9bf9a26847741bc24344e35e16a03711a18f88d,5178
    pantry-tree:
      sha256: 799f6815fe2c823561c3935bdf0cabe5f4f4a55462dc9c0d2a9838f963c97ea0
      size: 2044
  original:
    hackage: yaml-0.11.11.2
- completed:
    hackage: zlib-0.7.1.1@sha256:cf2f8f91b10b635bdaa2c3010f40a5562a06ede24b92d819758e7f1b7d04f9f2,5206
    pantry-tree:
      sha256: 5390028137a6d119300847be08ebb0063bfd00cfca856675bb0f0d6887f06fda
      size: 1519
  original:
    hackage: zlib-0.7.1.1
snapshots: []
