# This file was autogenerated by Stack.
# You should not edit this file by hand.
# For more information, please see the documentation at:
#   https://docs.haskellstack.org/en/stable/topics/lock_files

packages:
- completed:
    hackage: dap-0.7.0.0@sha256:4eb00ced16dfec6ed1ef4705db8c57a32b657978bcd773c06a027fcf15e4a8f6,2324
    pantry-tree:
      sha256: 87d8854b458b6972788ebd3151e75e7a321281822e6e9cf9868af3cba00b1df7
      size: 724
  original:
    hackage: dap-0.7.0.0
- completed:
    hackage: ghc-stack-annotations-0.1.0.0@sha256:56bdded7dc6a72ea338b96fdb9da1806c583bfdf3286aa9d092bf072d36bac21,1643
    pantry-tree:
      sha256: c91228239e370696d0ff5062a73105bd7a1f9218168f2b44fe431463fd756a69
      size: 288
  original:
    hackage: ghc-stack-annotations-0.1.0.0
snapshots: []
